
Microsoft Visual Studio Solution File, Format Version 12.00
# Visual Studio Version 17
VisualStudioVersion = 17.8.34330.188
MinimumVisualStudioVersion = 10.0.40219.1
Project("{9A19103F-16F7-4668-BE54-9A1E7A4F7556}") = "ASMGD2", "ASMGD2\ASMGD2.csproj", "{8A687B7F-3FF2-4DC0-86DE-D856A2976E17}"
EndProject
Project("{FAE04EC0-301F-11D3-BF4B-00C04F79EFBC}") = "DTO", "DTO\DTO.csproj", "{4EFCF97D-EBB6-450B-88DE-685DC55FBBD9}"
EndProject
Project("{FAE04EC0-301F-11D3-BF4B-00C04F79EFBC}") = "DAL", "DAL\DAL.csproj", "{B4535757-9EC7-4E8B-ADC8-E2852F733A6C}"
EndProject
Project("{FAE04EC0-301F-11D3-BF4B-00C04F79EFBC}") = "BLL", "BLL\BLL.csproj", "{4305FFCC-7384-4059-9EA7-D915646872FF}"
EndProject
Global
	GlobalSection(SolutionConfigurationPlatforms) = preSolution
		Debug|Any CPU = Debug|Any CPU
		Release|Any CPU = Release|Any CPU
	EndGlobalSection
	GlobalSection(ProjectConfigurationPlatforms) = postSolution
		{8A687B7F-3FF2-4DC0-86DE-D856A2976E17}.Debug|Any CPU.ActiveCfg = Debug|Any CPU
		{8A687B7F-3FF2-4DC0-86DE-D856A2976E17}.Debug|Any CPU.Build.0 = Debug|Any CPU
		{8A687B7F-3FF2-4DC0-86DE-D856A2976E17}.Release|Any CPU.ActiveCfg = Release|Any CPU
		{8A687B7F-3FF2-4DC0-86DE-D856A2976E17}.Release|Any CPU.Build.0 = Release|Any CPU
		{4EFCF97D-EBB6-450B-88DE-685DC55FBBD9}.Debug|Any CPU.ActiveCfg = Debug|Any CPU
		{4EFCF97D-EBB6-450B-88DE-685DC55FBBD9}.Debug|Any CPU.Build.0 = Debug|Any CPU
		{4EFCF97D-EBB6-450B-88DE-685DC55FBBD9}.Release|Any CPU.ActiveCfg = Release|Any CPU
		{4EFCF97D-EBB6-450B-88DE-685DC55FBBD9}.Release|Any CPU.Build.0 = Release|Any CPU
		{B4535757-9EC7-4E8B-ADC8-E2852F733A6C}.Debug|Any CPU.ActiveCfg = Debug|Any CPU
		{B4535757-9EC7-4E8B-ADC8-E2852F733A6C}.Debug|Any CPU.Build.0 = Debug|Any CPU
		{B4535757-9EC7-4E8B-ADC8-E2852F733A6C}.Release|Any CPU.ActiveCfg = Release|Any CPU
		{B4535757-9EC7-4E8B-ADC8-E2852F733A6C}.Release|Any CPU.Build.0 = Release|Any CPU
		{4305FFCC-7384-4059-9EA7-D915646872FF}.Debug|Any CPU.ActiveCfg = Debug|Any CPU
		{4305FFCC-7384-4059-9EA7-D915646872FF}.Debug|Any CPU.Build.0 = Debug|Any CPU
		{4305FFCC-7384-4059-9EA7-D915646872FF}.Release|Any CPU.ActiveCfg = Release|Any CPU
		{4305FFCC-7384-4059-9EA7-D915646872FF}.Release|Any CPU.Build.0 = Release|Any CPU
	EndGlobalSection
	GlobalSection(SolutionProperties) = preSolution
		HideSolutionNode = FALSE
	EndGlobalSection
	GlobalSection(ExtensibilityGlobals) = postSolution
		SolutionGuid = {7FA7EEFD-C16F-470B-9168-EE0D0C884935}
	EndGlobalSection
EndGlobal
